// !$*UTF8*$!
{
	archiveVersion = 1;
	classes = {
	};
	objectVersion = 51;
	objects = {

/* Begin PBXBuildFile section */
		6CB9E2B31E0E5A9DA7263714 /* Pods_Channels.framework in Frameworks */ = {isa = PBXBuildFile; fileRef = 7E7FBD4E23A1020BDB86C127 /* Pods_Channels.framework */; };
		CE03F2602457906A0071FBB4 /* Series.swift in Sources */ = {isa = PBXBuildFile; fileRef = CE03F25F2457906A0071FBB4 /* Series.swift */; };
		CE03F262245799500071FBB4 /* NsObject+ListDiffable.swift in Sources */ = {isa = PBXBuildFile; fileRef = CE03F261245799500071FBB4 /* NsObject+ListDiffable.swift */; };
		CE2F47C42445DB23005CBD5D /* Assets.swift in Sources */ = {isa = PBXBuildFile; fileRef = CE2F47C32445DB23005CBD5D /* Assets.swift */; };
		CE2F47C62445DB2D005CBD5D /* Fonts.swift in Sources */ = {isa = PBXBuildFile; fileRef = CE2F47C52445DB2D005CBD5D /* Fonts.swift */; };
		CE5244B72455D27F001D60AB /* BaseViewController.swift in Sources */ = {isa = PBXBuildFile; fileRef = CE5244B12455D27F001D60AB /* BaseViewController.swift */; };
		CE5244B82455D27F001D60AB /* BaseModelProtocol.swift in Sources */ = {isa = PBXBuildFile; fileRef = CE5244B22455D27F001D60AB /* BaseModelProtocol.swift */; };
		CE5244B92455D27F001D60AB /* BasePresenterProtocol.swift in Sources */ = {isa = PBXBuildFile; fileRef = CE5244B32455D27F001D60AB /* BasePresenterProtocol.swift */; };
		CE5244BA2455D27F001D60AB /* BaseModel.swift in Sources */ = {isa = PBXBuildFile; fileRef = CE5244B42455D27F001D60AB /* BaseModel.swift */; };
		CE5244BB2455D27F001D60AB /* BasePresenter.swift in Sources */ = {isa = PBXBuildFile; fileRef = CE5244B52455D27F001D60AB /* BasePresenter.swift */; };
		CE5244BC2455D27F001D60AB /* BaseViewProtocol.swift in Sources */ = {isa = PBXBuildFile; fileRef = CE5244B62455D27F001D60AB /* BaseViewProtocol.swift */; };
		CE5244D72455D306001D60AB /* HomePresenter.swift in Sources */ = {isa = PBXBuildFile; fileRef = CE5244CF2455D306001D60AB /* HomePresenter.swift */; };
		CE5244D82455D306001D60AB /* HomePresenterProtocol.swift in Sources */ = {isa = PBXBuildFile; fileRef = CE5244D02455D306001D60AB /* HomePresenterProtocol.swift */; };
		CE5244D92455D306001D60AB /* HomeViewController.swift in Sources */ = {isa = PBXBuildFile; fileRef = CE5244D12455D306001D60AB /* HomeViewController.swift */; };
		CE5244DA2455D306001D60AB /* HomeViewProtocol.swift in Sources */ = {isa = PBXBuildFile; fileRef = CE5244D22455D306001D60AB /* HomeViewProtocol.swift */; };
		CE5244DB2455D306001D60AB /* HomeModel.swift in Sources */ = {isa = PBXBuildFile; fileRef = CE5244D32455D306001D60AB /* HomeModel.swift */; };
		CE5244DC2455D306001D60AB /* HomeModelProtocol.swift in Sources */ = {isa = PBXBuildFile; fileRef = CE5244D42455D306001D60AB /* HomeModelProtocol.swift */; };
		CE5244DD2455D306001D60AB /* HomeViewController.xib in Resources */ = {isa = PBXBuildFile; fileRef = CE5244D52455D306001D60AB /* HomeViewController.xib */; };
		CE5244DE2455D306001D60AB /* HomeWireframe.swift in Sources */ = {isa = PBXBuildFile; fileRef = CE5244D62455D306001D60AB /* HomeWireframe.swift */; };
		CE5244E22455D3D5001D60AB /* Channels.Success.json in Resources */ = {isa = PBXBuildFile; fileRef = CE5244E12455D3D5001D60AB /* Channels.Success.json */; };
		CE5244E42455D3EC001D60AB /* DataSource.swift in Sources */ = {isa = PBXBuildFile; fileRef = CE5244E32455D3EC001D60AB /* DataSource.swift */; };
		CE5244EB2455D4BD001D60AB /* IconAsset.swift in Sources */ = {isa = PBXBuildFile; fileRef = CE5244E52455D4BD001D60AB /* IconAsset.swift */; };
		CE5244EC2455D4BD001D60AB /* CoverAsset.swift in Sources */ = {isa = PBXBuildFile; fileRef = CE5244E62455D4BD001D60AB /* CoverAsset.swift */; };
		CE5244ED2455D4BD001D60AB /* DataClass.swift in Sources */ = {isa = PBXBuildFile; fileRef = CE5244E72455D4BD001D60AB /* DataClass.swift */; };
		CE5244EE2455D4BD001D60AB /* LatestMedia.swift in Sources */ = {isa = PBXBuildFile; fileRef = CE5244E82455D4BD001D60AB /* LatestMedia.swift */; };
		CE5244EF2455D4BD001D60AB /* Channel.swift in Sources */ = {isa = PBXBuildFile; fileRef = CE5244E92455D4BD001D60AB /* Channel.swift */; };
		CE5244F02455D4BD001D60AB /* FileResponse.swift in Sources */ = {isa = PBXBuildFile; fileRef = CE5244EA2455D4BD001D60AB /* FileResponse.swift */; };
		CE6969552445BA4C00A0BC94 /* Roboto-Medium.ttf in Resources */ = {isa = PBXBuildFile; fileRef = CE6969482445BA4C00A0BC94 /* Roboto-Medium.ttf */; };
		CE6969562445BA4C00A0BC94 /* Roboto-Light.ttf in Resources */ = {isa = PBXBuildFile; fileRef = CE6969492445BA4C00A0BC94 /* Roboto-Light.ttf */; };
		CE6969572445BA4C00A0BC94 /* Roboto-Regular.ttf in Resources */ = {isa = PBXBuildFile; fileRef = CE69694A2445BA4C00A0BC94 /* Roboto-Regular.ttf */; };
		CE6969582445BA4C00A0BC94 /* Roboto-MediumItalic.ttf in Resources */ = {isa = PBXBuildFile; fileRef = CE69694B2445BA4C00A0BC94 /* Roboto-MediumItalic.ttf */; };
		CE6969592445BA4C00A0BC94 /* Apache License.txt in Resources */ = {isa = PBXBuildFile; fileRef = CE69694C2445BA4C00A0BC94 /* Apache License.txt */; };
		CE69695A2445BA4C00A0BC94 /* Roboto-ThinItalic.ttf in Resources */ = {isa = PBXBuildFile; fileRef = CE69694D2445BA4C00A0BC94 /* Roboto-ThinItalic.ttf */; };
		CE69695B2445BA4C00A0BC94 /* Roboto-BoldItalic.ttf in Resources */ = {isa = PBXBuildFile; fileRef = CE69694E2445BA4C00A0BC94 /* Roboto-BoldItalic.ttf */; };
		CE69695C2445BA4C00A0BC94 /* Roboto-LightItalic.ttf in Resources */ = {isa = PBXBuildFile; fileRef = CE69694F2445BA4C00A0BC94 /* Roboto-LightItalic.ttf */; };
		CE69695D2445BA4C00A0BC94 /* Roboto-Italic.ttf in Resources */ = {isa = PBXBuildFile; fileRef = CE6969502445BA4C00A0BC94 /* Roboto-Italic.ttf */; };
		CE69695E2445BA4C00A0BC94 /* Roboto-BlackItalic.ttf in Resources */ = {isa = PBXBuildFile; fileRef = CE6969512445BA4C00A0BC94 /* Roboto-BlackItalic.ttf */; };
		CE69695F2445BA4C00A0BC94 /* Roboto-Bold.ttf in Resources */ = {isa = PBXBuildFile; fileRef = CE6969522445BA4C00A0BC94 /* Roboto-Bold.ttf */; };
		CE6969602445BA4C00A0BC94 /* Roboto-Thin.ttf in Resources */ = {isa = PBXBuildFile; fileRef = CE6969532445BA4C00A0BC94 /* Roboto-Thin.ttf */; };
		CE6969612445BA4C00A0BC94 /* Roboto-Black.ttf in Resources */ = {isa = PBXBuildFile; fileRef = CE6969542445BA4C00A0BC94 /* Roboto-Black.ttf */; };
		CE6969662445BA5700A0BC94 /* Radomir Tinkov Free Font EULA .pdf in Resources */ = {isa = PBXBuildFile; fileRef = CE6969632445BA5700A0BC94 /* Radomir Tinkov Free Font EULA .pdf */; };
		CE6969672445BA5700A0BC94 /* Gilroy-Light.otf in Resources */ = {isa = PBXBuildFile; fileRef = CE6969642445BA5700A0BC94 /* Gilroy-Light.otf */; };
		CE6969682445BA5700A0BC94 /* Gilroy-ExtraBold.otf in Resources */ = {isa = PBXBuildFile; fileRef = CE6969652445BA5700A0BC94 /* Gilroy-ExtraBold.otf */; };
		CE6EA19B246430B000C21670 /* EmbededCategoriesSectionController.swift in Sources */ = {isa = PBXBuildFile; fileRef = CE6EA19A246430B000C21670 /* EmbededCategoriesSectionController.swift */; };
		CE6EA19F2464315A00C21670 /* EmbededCollectionViewCell.swift in Sources */ = {isa = PBXBuildFile; fileRef = CE6EA19D2464315A00C21670 /* EmbededCollectionViewCell.swift */; };
		CE6EA1A02464315A00C21670 /* EmbededCollectionViewCell.xib in Resources */ = {isa = PBXBuildFile; fileRef = CE6EA19E2464315A00C21670 /* EmbededCollectionViewCell.xib */; };
		CE8DBD9E24335E38008C5DB9 /* SplashViewController.swift in Sources */ = {isa = PBXBuildFile; fileRef = CE8DBD9C24335E38008C5DB9 /* SplashViewController.swift */; };
		CE8DBD9F24335E38008C5DB9 /* SplashViewController.xib in Resources */ = {isa = PBXBuildFile; fileRef = CE8DBD9D24335E38008C5DB9 /* SplashViewController.xib */; };
		CE9B5911244E84D4005B093D /* ChannelCollectionViewCell.swift in Sources */ = {isa = PBXBuildFile; fileRef = CE9B590F244E84D4005B093D /* ChannelCollectionViewCell.swift */; };
		CE9B5912244E84D4005B093D /* ChannelCollectionViewCell.xib in Resources */ = {isa = PBXBuildFile; fileRef = CE9B5910244E84D4005B093D /* ChannelCollectionViewCell.xib */; };
		CE9B5916244E91D8005B093D /* SeriesCollectionViewCell.swift in Sources */ = {isa = PBXBuildFile; fileRef = CE9B5914244E91D8005B093D /* SeriesCollectionViewCell.swift */; };
		CE9B5917244E91D8005B093D /* SeriesCollectionViewCell.xib in Resources */ = {isa = PBXBuildFile; fileRef = CE9B5915244E91D8005B093D /* SeriesCollectionViewCell.xib */; };
		CE9B591B244E9514005B093D /* CategoriesCollectionViewCell.swift in Sources */ = {isa = PBXBuildFile; fileRef = CE9B5919244E9514005B093D /* CategoriesCollectionViewCell.swift */; };
		CE9B591C244E9514005B093D /* CategoriesCollectionViewCell.xib in Resources */ = {isa = PBXBuildFile; fileRef = CE9B591A244E9514005B093D /* CategoriesCollectionViewCell.xib */; };
		CE9B5920244E9B03005B093D /* TitleHeaderCollectionReusableView.swift in Sources */ = {isa = PBXBuildFile; fileRef = CE9B591E244E9B03005B093D /* TitleHeaderCollectionReusableView.swift */; };
		CE9B5921244E9B03005B093D /* TitleHeaderCollectionReusableView.xib in Resources */ = {isa = PBXBuildFile; fileRef = CE9B591F244E9B03005B093D /* TitleHeaderCollectionReusableView.xib */; };
		CE9B5927244E9CFE005B093D /* CompositeHeaderCollectionReusableView.swift in Sources */ = {isa = PBXBuildFile; fileRef = CE9B5925244E9CFE005B093D /* CompositeHeaderCollectionReusableView.swift */; };
		CE9B5928244E9CFE005B093D /* CompositeHeaderCollectionReusableView.xib in Resources */ = {isa = PBXBuildFile; fileRef = CE9B5926244E9CFE005B093D /* CompositeHeaderCollectionReusableView.xib */; };
		CE9B592C244EAAE0005B093D /* Colors.xcassets in Resources */ = {isa = PBXBuildFile; fileRef = CE9B592B244EAAE0005B093D /* Colors.xcassets */; };
		CE9B592E244EAB03005B093D /* Colors.xcassets in Resources */ = {isa = PBXBuildFile; fileRef = CE9B592D244EAB03005B093D /* Colors.xcassets */; };
		CEC0BFE624581C14000E03ED /* Media.swift in Sources */ = {isa = PBXBuildFile; fileRef = CEC0BFE524581C14000E03ED /* Media.swift */; };
		CEC0BFE924581C97000E03ED /* Category.swift in Sources */ = {isa = PBXBuildFile; fileRef = CEC0BFE824581C97000E03ED /* Category.swift */; };
		CEC0BFEC24581CE8000E03ED /* Episodes.Success.json in Resources */ = {isa = PBXBuildFile; fileRef = CEC0BFEA24581CE8000E03ED /* Episodes.Success.json */; };
		CEC0BFED24581CE8000E03ED /* Category.Success.json in Resources */ = {isa = PBXBuildFile; fileRef = CEC0BFEB24581CE8000E03ED /* Category.Success.json */; };
		CEC0BFF024582409000E03ED /* NewEposidesSectionController.swift in Sources */ = {isa = PBXBuildFile; fileRef = CEC0BFEF24582409000E03ED /* NewEposidesSectionController.swift */; };
		CEC0BFF524583571000E03ED /* CategoriesListSectionController.swift in Sources */ = {isa = PBXBuildFile; fileRef = CEC0BFF424583571000E03ED /* CategoriesListSectionController.swift */; };
		CECBA2D8243C8F5F0021C1F0 /* AppDelegate+Extensions.swift in Sources */ = {isa = PBXBuildFile; fileRef = CECBA2D7243C8F5F0021C1F0 /* AppDelegate+Extensions.swift */; };
		CECBA2DD243C8FA50021C1F0 /* NetworkManager.swift in Sources */ = {isa = PBXBuildFile; fileRef = CECBA2DC243C8FA50021C1F0 /* NetworkManager.swift */; };
		CEE73C4C242A09BB00A7DDB3 /* AppDelegate.swift in Sources */ = {isa = PBXBuildFile; fileRef = CEE73C4B242A09BB00A7DDB3 /* AppDelegate.swift */; };
		CEE73C4E242A09BB00A7DDB3 /* SceneDelegate.swift in Sources */ = {isa = PBXBuildFile; fileRef = CEE73C4D242A09BB00A7DDB3 /* SceneDelegate.swift */; };
		CEE73C55242A09BC00A7DDB3 /* Assets.xcassets in Resources */ = {isa = PBXBuildFile; fileRef = CEE73C54242A09BC00A7DDB3 /* Assets.xcassets */; };
		CEE73C58242A09BC00A7DDB3 /* LaunchScreen.storyboard in Resources */ = {isa = PBXBuildFile; fileRef = CEE73C56242A09BC00A7DDB3 /* LaunchScreen.storyboard */; };
		CEE73C69242A1B3E00A7DDB3 /* Localization.strings in Resources */ = {isa = PBXBuildFile; fileRef = CEE73C68242A1B3E00A7DDB3 /* Localization.strings */; };
		CEE73C7D242A279300A7DDB3 /* AppManager.swift in Sources */ = {isa = PBXBuildFile; fileRef = CEE73C7C242A279300A7DDB3 /* AppManager.swift */; };
		CEE73C7F242A282F00A7DDB3 /* Container.swift in Sources */ = {isa = PBXBuildFile; fileRef = CEE73C7E242A282F00A7DDB3 /* Container.swift */; };
		CEE73C81242A2C3800A7DDB3 /* Configration.swift in Sources */ = {isa = PBXBuildFile; fileRef = CEE73C80242A2C3800A7DDB3 /* Configration.swift */; };
		CEE73C8B242A2D0C00A7DDB3 /* Component.swift in Sources */ = {isa = PBXBuildFile; fileRef = CEE73C8A242A2D0C00A7DDB3 /* Component.swift */; };
		CEE73C8D242A2D2400A7DDB3 /* Cahsing.swift in Sources */ = {isa = PBXBuildFile; fileRef = CEE73C8C242A2D2400A7DDB3 /* Cahsing.swift */; };
		CEE73C8F242A2D3600A7DDB3 /* Http Request.swift in Sources */ = {isa = PBXBuildFile; fileRef = CEE73C8E242A2D3600A7DDB3 /* Http Request.swift */; };
		CEED09C2242CCB22002444EB /* PresistanceManager.swift in Sources */ = {isa = PBXBuildFile; fileRef = CEED09C1242CCB22002444EB /* PresistanceManager.swift */; };
/* End PBXBuildFile section */

/* Begin PBXFileReference section */
		1238499D117C25C52FA07737 /* Pods-Channels.release.xcconfig */ = {isa = PBXFileReference; includeInIndex = 1; lastKnownFileType = text.xcconfig; name = "Pods-Channels.release.xcconfig"; path = "Target Support Files/Pods-Channels/Pods-Channels.release.xcconfig"; sourceTree = "<group>"; };
		43387C85AA31E62636BB2A66 /* Pods-Channels.debug.xcconfig */ = {isa = PBXFileReference; includeInIndex = 1; lastKnownFileType = text.xcconfig; name = "Pods-Channels.debug.xcconfig"; path = "Target Support Files/Pods-Channels/Pods-Channels.debug.xcconfig"; sourceTree = "<group>"; };
		5826266F33485D8232F76BB8 /* Pods-Channels.staging.xcconfig */ = {isa = PBXFileReference; includeInIndex = 1; lastKnownFileType = text.xcconfig; name = "Pods-Channels.staging.xcconfig"; path = "Target Support Files/Pods-Channels/Pods-Channels.staging.xcconfig"; sourceTree = "<group>"; };
		7E7FBD4E23A1020BDB86C127 /* Pods_Channels.framework */ = {isa = PBXFileReference; explicitFileType = wrapper.framework; includeInIndex = 0; path = Pods_Channels.framework; sourceTree = BUILT_PRODUCTS_DIR; };
		CE03F25F2457906A0071FBB4 /* Series.swift */ = {isa = PBXFileReference; lastKnownFileType = sourcecode.swift; path = Series.swift; sourceTree = "<group>"; };
		CE03F261245799500071FBB4 /* NsObject+ListDiffable.swift */ = {isa = PBXFileReference; lastKnownFileType = sourcecode.swift; path = "NsObject+ListDiffable.swift"; sourceTree = "<group>"; };
		CE03F26324579EAE0071FBB4 /* IGListDiffKit.framework */ = {isa = PBXFileReference; explicitFileType = wrapper.framework; path = IGListDiffKit.framework; sourceTree = BUILT_PRODUCTS_DIR; };
		CE03F26424579EAE0071FBB4 /* IGListKit.framework */ = {isa = PBXFileReference; explicitFileType = wrapper.framework; path = IGListKit.framework; sourceTree = BUILT_PRODUCTS_DIR; };
		CE2F47C32445DB23005CBD5D /* Assets.swift */ = {isa = PBXFileReference; fileEncoding = 4; lastKnownFileType = sourcecode.swift; path = Assets.swift; sourceTree = "<group>"; };
		CE2F47C52445DB2D005CBD5D /* Fonts.swift */ = {isa = PBXFileReference; fileEncoding = 4; lastKnownFileType = sourcecode.swift; path = Fonts.swift; sourceTree = "<group>"; };
		CE5244B12455D27F001D60AB /* BaseViewController.swift */ = {isa = PBXFileReference; lastKnownFileType = sourcecode.swift; path = BaseViewController.swift; sourceTree = "<group>"; };
		CE5244B22455D27F001D60AB /* BaseModelProtocol.swift */ = {isa = PBXFileReference; lastKnownFileType = sourcecode.swift; path = BaseModelProtocol.swift; sourceTree = "<group>"; };
		CE5244B32455D27F001D60AB /* BasePresenterProtocol.swift */ = {isa = PBXFileReference; lastKnownFileType = sourcecode.swift; path = BasePresenterProtocol.swift; sourceTree = "<group>"; };
		CE5244B42455D27F001D60AB /* BaseModel.swift */ = {isa = PBXFileReference; lastKnownFileType = sourcecode.swift; path = BaseModel.swift; sourceTree = "<group>"; };
		CE5244B52455D27F001D60AB /* BasePresenter.swift */ = {isa = PBXFileReference; lastKnownFileType = sourcecode.swift; path = BasePresenter.swift; sourceTree = "<group>"; };
		CE5244B62455D27F001D60AB /* BaseViewProtocol.swift */ = {isa = PBXFileReference; lastKnownFileType = sourcecode.swift; path = BaseViewProtocol.swift; sourceTree = "<group>"; };
		CE5244CF2455D306001D60AB /* HomePresenter.swift */ = {isa = PBXFileReference; lastKnownFileType = sourcecode.swift; path = HomePresenter.swift; sourceTree = "<group>"; };
		CE5244D02455D306001D60AB /* HomePresenterProtocol.swift */ = {isa = PBXFileReference; lastKnownFileType = sourcecode.swift; path = HomePresenterProtocol.swift; sourceTree = "<group>"; };
		CE5244D12455D306001D60AB /* HomeViewController.swift */ = {isa = PBXFileReference; lastKnownFileType = sourcecode.swift; path = HomeViewController.swift; sourceTree = "<group>"; };
		CE5244D22455D306001D60AB /* HomeViewProtocol.swift */ = {isa = PBXFileReference; lastKnownFileType = sourcecode.swift; path = HomeViewProtocol.swift; sourceTree = "<group>"; };
		CE5244D32455D306001D60AB /* HomeModel.swift */ = {isa = PBXFileReference; lastKnownFileType = sourcecode.swift; path = HomeModel.swift; sourceTree = "<group>"; };
		CE5244D42455D306001D60AB /* HomeModelProtocol.swift */ = {isa = PBXFileReference; lastKnownFileType = sourcecode.swift; path = HomeModelProtocol.swift; sourceTree = "<group>"; };
		CE5244D52455D306001D60AB /* HomeViewController.xib */ = {isa = PBXFileReference; lastKnownFileType = file.xib; path = HomeViewController.xib; sourceTree = "<group>"; };
		CE5244D62455D306001D60AB /* HomeWireframe.swift */ = {isa = PBXFileReference; lastKnownFileType = sourcecode.swift; path = HomeWireframe.swift; sourceTree = "<group>"; };
		CE5244E12455D3D5001D60AB /* Channels.Success.json */ = {isa = PBXFileReference; fileEncoding = 4; lastKnownFileType = text.json; path = Channels.Success.json; sourceTree = "<group>"; };
		CE5244E32455D3EC001D60AB /* DataSource.swift */ = {isa = PBXFileReference; lastKnownFileType = sourcecode.swift; path = DataSource.swift; sourceTree = "<group>"; };
		CE5244E52455D4BD001D60AB /* IconAsset.swift */ = {isa = PBXFileReference; fileEncoding = 4; lastKnownFileType = sourcecode.swift; path = IconAsset.swift; sourceTree = "<group>"; };
		CE5244E62455D4BD001D60AB /* CoverAsset.swift */ = {isa = PBXFileReference; fileEncoding = 4; lastKnownFileType = sourcecode.swift; path = CoverAsset.swift; sourceTree = "<group>"; };
		CE5244E72455D4BD001D60AB /* DataClass.swift */ = {isa = PBXFileReference; fileEncoding = 4; lastKnownFileType = sourcecode.swift; path = DataClass.swift; sourceTree = "<group>"; };
		CE5244E82455D4BD001D60AB /* LatestMedia.swift */ = {isa = PBXFileReference; fileEncoding = 4; lastKnownFileType = sourcecode.swift; path = LatestMedia.swift; sourceTree = "<group>"; };
		CE5244E92455D4BD001D60AB /* Channel.swift */ = {isa = PBXFileReference; fileEncoding = 4; lastKnownFileType = sourcecode.swift; path = Channel.swift; sourceTree = "<group>"; };
		CE5244EA2455D4BD001D60AB /* FileResponse.swift */ = {isa = PBXFileReference; fileEncoding = 4; lastKnownFileType = sourcecode.swift; path = FileResponse.swift; sourceTree = "<group>"; };
		CE6969482445BA4C00A0BC94 /* Roboto-Medium.ttf */ = {isa = PBXFileReference; lastKnownFileType = file; path = "Roboto-Medium.ttf"; sourceTree = "<group>"; };
		CE6969492445BA4C00A0BC94 /* Roboto-Light.ttf */ = {isa = PBXFileReference; lastKnownFileType = file; path = "Roboto-Light.ttf"; sourceTree = "<group>"; };
		CE69694A2445BA4C00A0BC94 /* Roboto-Regular.ttf */ = {isa = PBXFileReference; lastKnownFileType = file; path = "Roboto-Regular.ttf"; sourceTree = "<group>"; };
		CE69694B2445BA4C00A0BC94 /* Roboto-MediumItalic.ttf */ = {isa = PBXFileReference; lastKnownFileType = file; path = "Roboto-MediumItalic.ttf"; sourceTree = "<group>"; };
		CE69694C2445BA4C00A0BC94 /* Apache License.txt */ = {isa = PBXFileReference; fileEncoding = 4; lastKnownFileType = text; path = "Apache License.txt"; sourceTree = "<group>"; };
		CE69694D2445BA4C00A0BC94 /* Roboto-ThinItalic.ttf */ = {isa = PBXFileReference; lastKnownFileType = file; path = "Roboto-ThinItalic.ttf"; sourceTree = "<group>"; };
		CE69694E2445BA4C00A0BC94 /* Roboto-BoldItalic.ttf */ = {isa = PBXFileReference; lastKnownFileType = file; path = "Roboto-BoldItalic.ttf"; sourceTree = "<group>"; };
		CE69694F2445BA4C00A0BC94 /* Roboto-LightItalic.ttf */ = {isa = PBXFileReference; lastKnownFileType = file; path = "Roboto-LightItalic.ttf"; sourceTree = "<group>"; };
		CE6969502445BA4C00A0BC94 /* Roboto-Italic.ttf */ = {isa = PBXFileReference; lastKnownFileType = file; path = "Roboto-Italic.ttf"; sourceTree = "<group>"; };
		CE6969512445BA4C00A0BC94 /* Roboto-BlackItalic.ttf */ = {isa = PBXFileReference; lastKnownFileType = file; path = "Roboto-BlackItalic.ttf"; sourceTree = "<group>"; };
		CE6969522445BA4C00A0BC94 /* Roboto-Bold.ttf */ = {isa = PBXFileReference; lastKnownFileType = file; path = "Roboto-Bold.ttf"; sourceTree = "<group>"; };
		CE6969532445BA4C00A0BC94 /* Roboto-Thin.ttf */ = {isa = PBXFileReference; lastKnownFileType = file; path = "Roboto-Thin.ttf"; sourceTree = "<group>"; };
		CE6969542445BA4C00A0BC94 /* Roboto-Black.ttf */ = {isa = PBXFileReference; lastKnownFileType = file; path = "Roboto-Black.ttf"; sourceTree = "<group>"; };
		CE6969632445BA5700A0BC94 /* Radomir Tinkov Free Font EULA .pdf */ = {isa = PBXFileReference; lastKnownFileType = image.pdf; path = "Radomir Tinkov Free Font EULA .pdf"; sourceTree = "<group>"; };
		CE6969642445BA5700A0BC94 /* Gilroy-Light.otf */ = {isa = PBXFileReference; lastKnownFileType = file; path = "Gilroy-Light.otf"; sourceTree = "<group>"; };
		CE6969652445BA5700A0BC94 /* Gilroy-ExtraBold.otf */ = {isa = PBXFileReference; lastKnownFileType = file; path = "Gilroy-ExtraBold.otf"; sourceTree = "<group>"; };
		CE6EA19A246430B000C21670 /* EmbededCategoriesSectionController.swift */ = {isa = PBXFileReference; lastKnownFileType = sourcecode.swift; path = EmbededCategoriesSectionController.swift; sourceTree = "<group>"; };
		CE6EA19D2464315A00C21670 /* EmbededCollectionViewCell.swift */ = {isa = PBXFileReference; lastKnownFileType = sourcecode.swift; path = EmbededCollectionViewCell.swift; sourceTree = "<group>"; };
		CE6EA19E2464315A00C21670 /* EmbededCollectionViewCell.xib */ = {isa = PBXFileReference; lastKnownFileType = file.xib; path = EmbededCollectionViewCell.xib; sourceTree = "<group>"; };
		CE8DBD9C24335E38008C5DB9 /* SplashViewController.swift */ = {isa = PBXFileReference; lastKnownFileType = sourcecode.swift; path = SplashViewController.swift; sourceTree = "<group>"; };
		CE8DBD9D24335E38008C5DB9 /* SplashViewController.xib */ = {isa = PBXFileReference; lastKnownFileType = file.xib; path = SplashViewController.xib; sourceTree = "<group>"; };
		CE9B590F244E84D4005B093D /* ChannelCollectionViewCell.swift */ = {isa = PBXFileReference; lastKnownFileType = sourcecode.swift; path = ChannelCollectionViewCell.swift; sourceTree = "<group>"; };
		CE9B5910244E84D4005B093D /* ChannelCollectionViewCell.xib */ = {isa = PBXFileReference; lastKnownFileType = file.xib; path = ChannelCollectionViewCell.xib; sourceTree = "<group>"; };
		CE9B5914244E91D8005B093D /* SeriesCollectionViewCell.swift */ = {isa = PBXFileReference; lastKnownFileType = sourcecode.swift; path = SeriesCollectionViewCell.swift; sourceTree = "<group>"; };
		CE9B5915244E91D8005B093D /* SeriesCollectionViewCell.xib */ = {isa = PBXFileReference; lastKnownFileType = file.xib; path = SeriesCollectionViewCell.xib; sourceTree = "<group>"; };
		CE9B5919244E9514005B093D /* CategoriesCollectionViewCell.swift */ = {isa = PBXFileReference; lastKnownFileType = sourcecode.swift; path = CategoriesCollectionViewCell.swift; sourceTree = "<group>"; };
		CE9B591A244E9514005B093D /* CategoriesCollectionViewCell.xib */ = {isa = PBXFileReference; lastKnownFileType = file.xib; path = CategoriesCollectionViewCell.xib; sourceTree = "<group>"; };
		CE9B591E244E9B03005B093D /* TitleHeaderCollectionReusableView.swift */ = {isa = PBXFileReference; lastKnownFileType = sourcecode.swift; path = TitleHeaderCollectionReusableView.swift; sourceTree = "<group>"; };
		CE9B591F244E9B03005B093D /* TitleHeaderCollectionReusableView.xib */ = {isa = PBXFileReference; lastKnownFileType = file.xib; path = TitleHeaderCollectionReusableView.xib; sourceTree = "<group>"; };
		CE9B5925244E9CFE005B093D /* CompositeHeaderCollectionReusableView.swift */ = {isa = PBXFileReference; lastKnownFileType = sourcecode.swift; path = CompositeHeaderCollectionReusableView.swift; sourceTree = "<group>"; };
		CE9B5926244E9CFE005B093D /* CompositeHeaderCollectionReusableView.xib */ = {isa = PBXFileReference; lastKnownFileType = file.xib; path = CompositeHeaderCollectionReusableView.xib; sourceTree = "<group>"; };
		CE9B592B244EAAE0005B093D /* Colors.xcassets */ = {isa = PBXFileReference; lastKnownFileType = folder.assetcatalog; path = Colors.xcassets; sourceTree = "<group>"; };
		CE9B592D244EAB03005B093D /* Colors.xcassets */ = {isa = PBXFileReference; lastKnownFileType = folder.assetcatalog; path = Colors.xcassets; sourceTree = "<group>"; };
		CEC0BFE524581C14000E03ED /* Media.swift */ = {isa = PBXFileReference; lastKnownFileType = sourcecode.swift; path = Media.swift; sourceTree = "<group>"; };
		CEC0BFE824581C97000E03ED /* Category.swift */ = {isa = PBXFileReference; lastKnownFileType = sourcecode.swift; path = Category.swift; sourceTree = "<group>"; };
		CEC0BFEA24581CE8000E03ED /* Episodes.Success.json */ = {isa = PBXFileReference; fileEncoding = 4; lastKnownFileType = text.json; path = Episodes.Success.json; sourceTree = "<group>"; };
		CEC0BFEB24581CE8000E03ED /* Category.Success.json */ = {isa = PBXFileReference; fileEncoding = 4; lastKnownFileType = text.json; path = Category.Success.json; sourceTree = "<group>"; };
		CEC0BFEF24582409000E03ED /* NewEposidesSectionController.swift */ = {isa = PBXFileReference; lastKnownFileType = sourcecode.swift; path = NewEposidesSectionController.swift; sourceTree = "<group>"; };
		CEC0BFF424583571000E03ED /* CategoriesListSectionController.swift */ = {isa = PBXFileReference; lastKnownFileType = sourcecode.swift; path = CategoriesListSectionController.swift; sourceTree = "<group>"; };
		CECBA2D7243C8F5F0021C1F0 /* AppDelegate+Extensions.swift */ = {isa = PBXFileReference; lastKnownFileType = sourcecode.swift; path = "AppDelegate+Extensions.swift"; sourceTree = "<group>"; };
		CECBA2DC243C8FA50021C1F0 /* NetworkManager.swift */ = {isa = PBXFileReference; lastKnownFileType = sourcecode.swift; path = NetworkManager.swift; sourceTree = "<group>"; };
		CEE73C48242A09BB00A7DDB3 /* Channels.app */ = {isa = PBXFileReference; explicitFileType = wrapper.application; includeInIndex = 0; path = Channels.app; sourceTree = BUILT_PRODUCTS_DIR; };
		CEE73C4B242A09BB00A7DDB3 /* AppDelegate.swift */ = {isa = PBXFileReference; lastKnownFileType = sourcecode.swift; path = AppDelegate.swift; sourceTree = "<group>"; };
		CEE73C4D242A09BB00A7DDB3 /* SceneDelegate.swift */ = {isa = PBXFileReference; lastKnownFileType = sourcecode.swift; path = SceneDelegate.swift; sourceTree = "<group>"; };
		CEE73C54242A09BC00A7DDB3 /* Assets.xcassets */ = {isa = PBXFileReference; lastKnownFileType = folder.assetcatalog; path = Assets.xcassets; sourceTree = "<group>"; };
		CEE73C57242A09BC00A7DDB3 /* Base */ = {isa = PBXFileReference; lastKnownFileType = file.storyboard; name = Base; path = Base.lproj/LaunchScreen.storyboard; sourceTree = "<group>"; };
		CEE73C59242A09BC00A7DDB3 /* Info.plist */ = {isa = PBXFileReference; lastKnownFileType = text.plist.xml; path = Info.plist; sourceTree = "<group>"; };
		CEE73C68242A1B3E00A7DDB3 /* Localization.strings */ = {isa = PBXFileReference; lastKnownFileType = text.plist.strings; path = Localization.strings; sourceTree = "<group>"; };
		CEE73C7C242A279300A7DDB3 /* AppManager.swift */ = {isa = PBXFileReference; lastKnownFileType = sourcecode.swift; path = AppManager.swift; sourceTree = "<group>"; };
		CEE73C7E242A282F00A7DDB3 /* Container.swift */ = {isa = PBXFileReference; lastKnownFileType = sourcecode.swift; path = Container.swift; sourceTree = "<group>"; };
		CEE73C80242A2C3800A7DDB3 /* Configration.swift */ = {isa = PBXFileReference; lastKnownFileType = sourcecode.swift; path = Configration.swift; sourceTree = "<group>"; };
		CEE73C8A242A2D0C00A7DDB3 /* Component.swift */ = {isa = PBXFileReference; lastKnownFileType = sourcecode.swift; path = Component.swift; sourceTree = "<group>"; };
		CEE73C8C242A2D2400A7DDB3 /* Cahsing.swift */ = {isa = PBXFileReference; lastKnownFileType = sourcecode.swift; path = Cahsing.swift; sourceTree = "<group>"; };
		CEE73C8E242A2D3600A7DDB3 /* Http Request.swift */ = {isa = PBXFileReference; lastKnownFileType = sourcecode.swift; path = "Http Request.swift"; sourceTree = "<group>"; };
		CEED09C1242CCB22002444EB /* PresistanceManager.swift */ = {isa = PBXFileReference; lastKnownFileType = sourcecode.swift; path = PresistanceManager.swift; sourceTree = "<group>"; };
		CEED09C5242CCC97002444EB /* Staging.xcconfig */ = {isa = PBXFileReference; lastKnownFileType = text.xcconfig; path = Staging.xcconfig; sourceTree = "<group>"; };
		CEED09C6242CCCEB002444EB /* Debug.xcconfig */ = {isa = PBXFileReference; lastKnownFileType = text.xcconfig; path = Debug.xcconfig; sourceTree = "<group>"; };
		CEED09C7242CCCF9002444EB /* Release.xcconfig */ = {isa = PBXFileReference; lastKnownFileType = text.xcconfig; path = Release.xcconfig; sourceTree = "<group>"; };
/* End PBXFileReference section */

/* Begin PBXFrameworksBuildPhase section */
		CEE73C45242A09BB00A7DDB3 /* Frameworks */ = {
			isa = PBXFrameworksBuildPhase;
			buildActionMask = 2147483647;
			files = (
				6CB9E2B31E0E5A9DA7263714 /* Pods_Channels.framework in Frameworks */,
			);
			runOnlyForDeploymentPostprocessing = 0;
		};
/* End PBXFrameworksBuildPhase section */

/* Begin PBXGroup section */
		49A88688C809E3405970C3E1 /* Frameworks */ = {
			isa = PBXGroup;
			children = (
				CE03F26324579EAE0071FBB4 /* IGListDiffKit.framework */,
				CE03F26424579EAE0071FBB4 /* IGListKit.framework */,
				7E7FBD4E23A1020BDB86C127 /* Pods_Channels.framework */,
			);
			name = Frameworks;
			sourceTree = "<group>";
		};
		CE5244B02455D25A001D60AB /* Base */ = {
			isa = PBXGroup;
			children = (
				CE5244B12455D27F001D60AB /* BaseViewController.swift */,
				CE5244B22455D27F001D60AB /* BaseModelProtocol.swift */,
				CE5244B32455D27F001D60AB /* BasePresenterProtocol.swift */,
				CE5244B42455D27F001D60AB /* BaseModel.swift */,
				CE5244B52455D27F001D60AB /* BasePresenter.swift */,
				CE5244B62455D27F001D60AB /* BaseViewProtocol.swift */,
			);
			path = Base;
			sourceTree = "<group>";
		};
		CE5244DF2455D349001D60AB /* Protocols */ = {
			isa = PBXGroup;
			children = (
				CE5244D42455D306001D60AB /* HomeModelProtocol.swift */,
				CE5244D02455D306001D60AB /* HomePresenterProtocol.swift */,
				CE5244D22455D306001D60AB /* HomeViewProtocol.swift */,
			);
			path = Protocols;
			sourceTree = "<group>";
		};
		CE5244E02455D3B5001D60AB /* DataSource */ = {
			isa = PBXGroup;
			children = (
				CEC0BFEB24581CE8000E03ED /* Category.Success.json */,
				CEC0BFEA24581CE8000E03ED /* Episodes.Success.json */,
				CE5244E12455D3D5001D60AB /* Channels.Success.json */,
				CE5244E32455D3EC001D60AB /* DataSource.swift */,
			);
			path = DataSource;
			sourceTree = "<group>";
		};
		CE5244F12455D4F3001D60AB /* Channels */ = {
			isa = PBXGroup;
			children = (
				CE5244E82455D4BD001D60AB /* LatestMedia.swift */,
				CE5244E52455D4BD001D60AB /* IconAsset.swift */,
				CE5244E62455D4BD001D60AB /* CoverAsset.swift */,
				CE5244E92455D4BD001D60AB /* Channel.swift */,
				CE03F25F2457906A0071FBB4 /* Series.swift */,
			);
			path = Channels;
			sourceTree = "<group>";
		};
		CE6EA19C246430E000C21670 /* Categories Section */ = {
			isa = PBXGroup;
			children = (
				CE9B5918244E94ED005B093D /* CategoriesCell */,
				CE6EA19D2464315A00C21670 /* EmbededCollectionViewCell.swift */,
				CE6EA19E2464315A00C21670 /* EmbededCollectionViewCell.xib */,
			);
			path = "Categories Section";
			sourceTree = "<group>";
		};
		CE8DBD9B24335E04008C5DB9 /* Splash */ = {
			isa = PBXGroup;
			children = (
				CE8DBD9C24335E38008C5DB9 /* SplashViewController.swift */,
				CE8DBD9D24335E38008C5DB9 /* SplashViewController.xib */,
			);
			path = Splash;
			sourceTree = "<group>";
		};
		CE9B590B244E82FE005B093D /* CollectionViewCells */ = {
			isa = PBXGroup;
			children = (
				CE6EA19C246430E000C21670 /* Categories Section */,
				CE9B5913244E91BF005B093D /* SeriesCell */,
				CE9B590E244E84AC005B093D /* ChannelCell */,
			);
			path = CollectionViewCells;
			sourceTree = "<group>";
		};
		CE9B590E244E84AC005B093D /* ChannelCell */ = {
			isa = PBXGroup;
			children = (
				CE9B590F244E84D4005B093D /* ChannelCollectionViewCell.swift */,
				CE9B5910244E84D4005B093D /* ChannelCollectionViewCell.xib */,
			);
			path = ChannelCell;
			sourceTree = "<group>";
		};
		CE9B5913244E91BF005B093D /* SeriesCell */ = {
			isa = PBXGroup;
			children = (
				CE9B5914244E91D8005B093D /* SeriesCollectionViewCell.swift */,
				CE9B5915244E91D8005B093D /* SeriesCollectionViewCell.xib */,
			);
			path = SeriesCell;
			sourceTree = "<group>";
		};
		CE9B5918244E94ED005B093D /* CategoriesCell */ = {
			isa = PBXGroup;
			children = (
				CE9B5919244E9514005B093D /* CategoriesCollectionViewCell.swift */,
				CE9B591A244E9514005B093D /* CategoriesCollectionViewCell.xib */,
			);
			path = CategoriesCell;
			sourceTree = "<group>";
		};
		CE9B591D244E96E3005B093D /* HeaderViews */ = {
			isa = PBXGroup;
			children = (
				CE9B5922244E9BEE005B093D /* CompositeHeaderView */,
				CE9B591E244E9B03005B093D /* TitleHeaderCollectionReusableView.swift */,
				CE9B591F244E9B03005B093D /* TitleHeaderCollectionReusableView.xib */,
			);
			path = HeaderViews;
			sourceTree = "<group>";
		};
		CE9B5922244E9BEE005B093D /* CompositeHeaderView */ = {
			isa = PBXGroup;
			children = (
				CE9B5925244E9CFE005B093D /* CompositeHeaderCollectionReusableView.swift */,
				CE9B5926244E9CFE005B093D /* CompositeHeaderCollectionReusableView.xib */,
			);
			path = CompositeHeaderView;
			sourceTree = "<group>";
		};
		CEC0BFE424581C00000E03ED /* Media */ = {
			isa = PBXGroup;
			children = (
				CEC0BFE524581C14000E03ED /* Media.swift */,
			);
			path = Media;
			sourceTree = "<group>";
		};
		CEC0BFE724581C54000E03ED /* Categories */ = {
			isa = PBXGroup;
			children = (
				CEC0BFE824581C97000E03ED /* Category.swift */,
			);
			path = Categories;
			sourceTree = "<group>";
		};
		CEC0BFEE2458238C000E03ED /* SectionsControllers */ = {
			isa = PBXGroup;
			children = (
				CEC0BFF324583547000E03ED /* CategorySections */,
				CEC0BFEF24582409000E03ED /* NewEposidesSectionController.swift */,
			);
			path = SectionsControllers;
			sourceTree = "<group>";
		};
		CEC0BFF324583547000E03ED /* CategorySections */ = {
			isa = PBXGroup;
			children = (
				CEC0BFF424583571000E03ED /* CategoriesListSectionController.swift */,
				CE6EA19A246430B000C21670 /* EmbededCategoriesSectionController.swift */,
			);
			path = CategorySections;
			sourceTree = "<group>";
		};
		CECBA2DB243C8F8D0021C1F0 /* NetworkLayer */ = {
			isa = PBXGroup;
			children = (
				CECBA2DC243C8FA50021C1F0 /* NetworkManager.swift */,
			);
			path = NetworkLayer;
			sourceTree = "<group>";
		};
		CECBA2DE243C905F0021C1F0 /* Colors */ = {
			isa = PBXGroup;
			children = (
				CE9B592D244EAB03005B093D /* Colors.xcassets */,
				CE9B592B244EAAE0005B093D /* Colors.xcassets */,
			);
			path = Colors;
			sourceTree = "<group>";
		};
		CEE73C3F242A09BB00A7DDB3 = {
			isa = PBXGroup;
			children = (
				CEE73C4A242A09BB00A7DDB3 /* Channels */,
				CEE73C49242A09BB00A7DDB3 /* Products */,
				49A88688C809E3405970C3E1 /* Frameworks */,
				FB847727D3E0DA2BEBF9DA13 /* Pods */,
			);
			sourceTree = "<group>";
		};
		CEE73C49242A09BB00A7DDB3 /* Products */ = {
			isa = PBXGroup;
			children = (
				CEE73C48242A09BB00A7DDB3 /* Channels.app */,
			);
			name = Products;
			sourceTree = "<group>";
		};
		CEE73C4A242A09BB00A7DDB3 /* Channels */ = {
			isa = PBXGroup;
			children = (
				CEE73C6C242A1B8400A7DDB3 /* Sources */,
				CEE73C6B242A1B6500A7DDB3 /* Stores */,
				CEE73C6A242A1B5400A7DDB3 /* Configration */,
				CEE73C60242A1A5800A7DDB3 /* Resources */,
				CEE73C5F242A19CC00A7DDB3 /* Supporting Files */,
			);
			path = Channels;
			sourceTree = "<group>";
		};
		CEE73C5F242A19CC00A7DDB3 /* Supporting Files */ = {
			isa = PBXGroup;
			children = (
				CEE73C59242A09BC00A7DDB3 /* Info.plist */,
			);
			path = "Supporting Files";
			sourceTree = "<group>";
		};
		CEE73C60242A1A5800A7DDB3 /* Resources */ = {
			isa = PBXGroup;
			children = (
				CECBA2DE243C905F0021C1F0 /* Colors */,
				CEE73C65242A1AD500A7DDB3 /* Localization */,
				CEE73C64242A1AC400A7DDB3 /* Fonts */,
				CEE73C61242A1AA300A7DDB3 /* Assets */,
			);
			path = Resources;
			sourceTree = "<group>";
		};
		CEE73C61242A1AA300A7DDB3 /* Assets */ = {
			isa = PBXGroup;
			children = (
				CE2F47C32445DB23005CBD5D /* Assets.swift */,
				CEE73C54242A09BC00A7DDB3 /* Assets.xcassets */,
			);
			path = Assets;
			sourceTree = "<group>";
		};
		CEE73C64242A1AC400A7DDB3 /* Fonts */ = {
			isa = PBXGroup;
			children = (
				CE2F47C52445DB2D005CBD5D /* Fonts.swift */,
				CE6969482445BA4C00A0BC94 /* Roboto-Medium.ttf */,
				CE6969492445BA4C00A0BC94 /* Roboto-Light.ttf */,
				CE69694A2445BA4C00A0BC94 /* Roboto-Regular.ttf */,
				CE69694B2445BA4C00A0BC94 /* Roboto-MediumItalic.ttf */,
				CE69694C2445BA4C00A0BC94 /* Apache License.txt */,
				CE69694D2445BA4C00A0BC94 /* Roboto-ThinItalic.ttf */,
				CE69694E2445BA4C00A0BC94 /* Roboto-BoldItalic.ttf */,
				CE69694F2445BA4C00A0BC94 /* Roboto-LightItalic.ttf */,
				CE6969502445BA4C00A0BC94 /* Roboto-Italic.ttf */,
				CE6969512445BA4C00A0BC94 /* Roboto-BlackItalic.ttf */,
				CE6969522445BA4C00A0BC94 /* Roboto-Bold.ttf */,
				CE6969532445BA4C00A0BC94 /* Roboto-Thin.ttf */,
				CE6969542445BA4C00A0BC94 /* Roboto-Black.ttf */,
				CE6969632445BA5700A0BC94 /* Radomir Tinkov Free Font EULA .pdf */,
				CE6969642445BA5700A0BC94 /* Gilroy-Light.otf */,
				CE6969652445BA5700A0BC94 /* Gilroy-ExtraBold.otf */,
			);
			path = Fonts;
			sourceTree = "<group>";
		};
		CEE73C65242A1AD500A7DDB3 /* Localization */ = {
			isa = PBXGroup;
			children = (
				CEE73C68242A1B3E00A7DDB3 /* Localization.strings */,
			);
			path = Localization;
			sourceTree = "<group>";
		};
		CEE73C6A242A1B5400A7DDB3 /* Configration */ = {
			isa = PBXGroup;
			children = (
				CEE73C80242A2C3800A7DDB3 /* Configration.swift */,
				CEED09C5242CCC97002444EB /* Staging.xcconfig */,
				CEED09C6242CCCEB002444EB /* Debug.xcconfig */,
				CEED09C7242CCCF9002444EB /* Release.xcconfig */,
			);
			path = Configration;
			sourceTree = "<group>";
		};
		CEE73C6B242A1B6500A7DDB3 /* Stores */ = {
			isa = PBXGroup;
			children = (
				CEE73C8C242A2D2400A7DDB3 /* Cahsing.swift */,
			);
			path = Stores;
			sourceTree = "<group>";
		};
		CEE73C6C242A1B8400A7DDB3 /* Sources */ = {
			isa = PBXGroup;
			children = (
				CE5244E02455D3B5001D60AB /* DataSource */,
				CE5244B02455D25A001D60AB /* Base */,
				CECBA2DB243C8F8D0021C1F0 /* NetworkLayer */,
				CEE73C77242A23CD00A7DDB3 /* Startup */,
				CEE73C76242A23A300A7DDB3 /* Services */,
				CEE73C75242A239700A7DDB3 /* Common */,
				CEE73C72242A235F00A7DDB3 /* Helpers */,
				CEE73C6E242A1BAA00A7DDB3 /* Features */,
				CEE73C6D242A1B8E00A7DDB3 /* Models */,
			);
			path = Sources;
			sourceTree = "<group>";
		};
		CEE73C6D242A1B8E00A7DDB3 /* Models */ = {
			isa = PBXGroup;
			children = (
				CE5244E72455D4BD001D60AB /* DataClass.swift */,
				CE5244EA2455D4BD001D60AB /* FileResponse.swift */,
				CEC0BFE724581C54000E03ED /* Categories */,
				CEC0BFE424581C00000E03ED /* Media */,
				CE5244F12455D4F3001D60AB /* Channels */,
			);
			path = Models;
			sourceTree = "<group>";
		};
		CEE73C6E242A1BAA00A7DDB3 /* Features */ = {
			isa = PBXGroup;
			children = (
				CE8DBD9B24335E04008C5DB9 /* Splash */,
				CEE73C6F242A1BBB00A7DDB3 /* Home */,
			);
			path = Features;
			sourceTree = "<group>";
		};
		CEE73C6F242A1BBB00A7DDB3 /* Home */ = {
			isa = PBXGroup;
			children = (
				CE5244DF2455D349001D60AB /* Protocols */,
				CEE73C71242A1BD100A7DDB3 /* Controllers */,
				CEE73C70242A1BC300A7DDB3 /* Views */,
				CE5244CF2455D306001D60AB /* HomePresenter.swift */,
				CE5244D32455D306001D60AB /* HomeModel.swift */,
				CE5244D62455D306001D60AB /* HomeWireframe.swift */,
			);
			path = Home;
			sourceTree = "<group>";
		};
		CEE73C70242A1BC300A7DDB3 /* Views */ = {
			isa = PBXGroup;
			children = (
				CE9B591D244E96E3005B093D /* HeaderViews */,
				CE9B590B244E82FE005B093D /* CollectionViewCells */,
			);
			path = Views;
			sourceTree = "<group>";
		};
		CEE73C71242A1BD100A7DDB3 /* Controllers */ = {
			isa = PBXGroup;
			children = (
				CEC0BFEE2458238C000E03ED /* SectionsControllers */,
				CE5244D12455D306001D60AB /* HomeViewController.swift */,
				CE5244D52455D306001D60AB /* HomeViewController.xib */,
			);
			path = Controllers;
			sourceTree = "<group>";
		};
		CEE73C72242A235F00A7DDB3 /* Helpers */ = {
			isa = PBXGroup;
			children = (
				CEE73C74242A237D00A7DDB3 /* Extensions */,
				CEE73C73242A236E00A7DDB3 /* Managers */,
			);
			path = Helpers;
			sourceTree = "<group>";
		};
		CEE73C73242A236E00A7DDB3 /* Managers */ = {
			isa = PBXGroup;
			children = (
				CEE73C7C242A279300A7DDB3 /* AppManager.swift */,
				CEE73C7E242A282F00A7DDB3 /* Container.swift */,
				CEED09C1242CCB22002444EB /* PresistanceManager.swift */,
			);
			path = Managers;
			sourceTree = "<group>";
		};
		CEE73C74242A237D00A7DDB3 /* Extensions */ = {
			isa = PBXGroup;
			children = (
				CE03F261245799500071FBB4 /* NsObject+ListDiffable.swift */,
			);
			path = Extensions;
			sourceTree = "<group>";
		};
		CEE73C75242A239700A7DDB3 /* Common */ = {
			isa = PBXGroup;
			children = (
				CEE73C8A242A2D0C00A7DDB3 /* Component.swift */,
			);
			path = Common;
			sourceTree = "<group>";
		};
		CEE73C76242A23A300A7DDB3 /* Services */ = {
			isa = PBXGroup;
			children = (
				CEE73C8E242A2D3600A7DDB3 /* Http Request.swift */,
			);
			path = Services;
			sourceTree = "<group>";
		};
		CEE73C77242A23CD00A7DDB3 /* Startup */ = {
			isa = PBXGroup;
			children = (
				CEE73C56242A09BC00A7DDB3 /* LaunchScreen.storyboard */,
				CEE73C4D242A09BB00A7DDB3 /* SceneDelegate.swift */,
				CEE73C4B242A09BB00A7DDB3 /* AppDelegate.swift */,
				CECBA2D7243C8F5F0021C1F0 /* AppDelegate+Extensions.swift */,
			);
			path = Startup;
			sourceTree = "<group>";
		};
		FB847727D3E0DA2BEBF9DA13 /* Pods */ = {
			isa = PBXGroup;
			children = (
				43387C85AA31E62636BB2A66 /* Pods-Channels.debug.xcconfig */,
				5826266F33485D8232F76BB8 /* Pods-Channels.staging.xcconfig */,
				1238499D117C25C52FA07737 /* Pods-Channels.release.xcconfig */,
			);
			path = Pods;
			sourceTree = "<group>";
		};
/* End PBXGroup section */

/* Begin PBXNativeTarget section */
		CEE73C47242A09BB00A7DDB3 /* Channels */ = {
			isa = PBXNativeTarget;
			buildConfigurationList = CEE73C5C242A09BC00A7DDB3 /* Build configuration list for PBXNativeTarget "Channels" */;
			buildPhases = (
				ED7879E172787E2A75DAFF51 /* [CP] Check Pods Manifest.lock */,
				CEE73C90242A329100A7DDB3 /* SwiftGen */,
				CEE73C44242A09BB00A7DDB3 /* Sources */,
				CEE73C45242A09BB00A7DDB3 /* Frameworks */,
				CEE73C46242A09BB00A7DDB3 /* Resources */,
				CE7313D0243B5DED00A471AE /* swiftlint */,
				A943D5F49CBE95EF6AB74A82 /* [CP] Embed Pods Frameworks */,
			);
			buildRules = (
			);
			dependencies = (
			);
			name = Channels;
			productName = Channels;
			productReference = CEE73C48242A09BB00A7DDB3 /* Channels.app */;
			productType = "com.apple.product-type.application";
		};
/* End PBXNativeTarget section */

/* Begin PBXProject section */
		CEE73C40242A09BB00A7DDB3 /* Project object */ = {
			isa = PBXProject;
			attributes = {
				LastSwiftUpdateCheck = 1120;
				LastUpgradeCheck = 1120;
				ORGANIZATIONNAME = user;
				TargetAttributes = {
					CEE73C47242A09BB00A7DDB3 = {
						CreatedOnToolsVersion = 11.2.1;
					};
				};
			};
			buildConfigurationList = CEE73C43242A09BB00A7DDB3 /* Build configuration list for PBXProject "Channels" */;
			compatibilityVersion = "Xcode 9.3";
			developmentRegion = en;
			hasScannedForEncodings = 0;
			knownRegions = (
				en,
				Base,
			);
			mainGroup = CEE73C3F242A09BB00A7DDB3;
			productRefGroup = CEE73C49242A09BB00A7DDB3 /* Products */;
			projectDirPath = "";
			projectRoot = "";
			targets = (
				CEE73C47242A09BB00A7DDB3 /* Channels */,
			);
		};
/* End PBXProject section */

/* Begin PBXResourcesBuildPhase section */
		CEE73C46242A09BB00A7DDB3 /* Resources */ = {
			isa = PBXResourcesBuildPhase;
			buildActionMask = 2147483647;
			files = (
				CE9B5912244E84D4005B093D /* ChannelCollectionViewCell.xib in Resources */,
				CE69695A2445BA4C00A0BC94 /* Roboto-ThinItalic.ttf in Resources */,
				CE6969682445BA5700A0BC94 /* Gilroy-ExtraBold.otf in Resources */,
				CEE73C58242A09BC00A7DDB3 /* LaunchScreen.storyboard in Resources */,
				CE69695C2445BA4C00A0BC94 /* Roboto-LightItalic.ttf in Resources */,
				CEE73C69242A1B3E00A7DDB3 /* Localization.strings in Resources */,
				CEE73C55242A09BC00A7DDB3 /* Assets.xcassets in Resources */,
				CE69695B2445BA4C00A0BC94 /* Roboto-BoldItalic.ttf in Resources */,
				CE69695F2445BA4C00A0BC94 /* Roboto-Bold.ttf in Resources */,
				CE6969662445BA5700A0BC94 /* Radomir Tinkov Free Font EULA .pdf in Resources */,
				CE6969672445BA5700A0BC94 /* Gilroy-Light.otf in Resources */,
				CE6969552445BA4C00A0BC94 /* Roboto-Medium.ttf in Resources */,
				CE6969602445BA4C00A0BC94 /* Roboto-Thin.ttf in Resources */,
				CE9B592E244EAB03005B093D /* Colors.xcassets in Resources */,
				CE9B592C244EAAE0005B093D /* Colors.xcassets in Resources */,
				CE69695E2445BA4C00A0BC94 /* Roboto-BlackItalic.ttf in Resources */,
				CEC0BFEC24581CE8000E03ED /* Episodes.Success.json in Resources */,
				CE69695D2445BA4C00A0BC94 /* Roboto-Italic.ttf in Resources */,
				CE9B5928244E9CFE005B093D /* CompositeHeaderCollectionReusableView.xib in Resources */,
				CEC0BFED24581CE8000E03ED /* Category.Success.json in Resources */,
				CE8DBD9F24335E38008C5DB9 /* SplashViewController.xib in Resources */,
				CE6969582445BA4C00A0BC94 /* Roboto-MediumItalic.ttf in Resources */,
				CE5244DD2455D306001D60AB /* HomeViewController.xib in Resources */,
				CE6969612445BA4C00A0BC94 /* Roboto-Black.ttf in Resources */,
				CE6969572445BA4C00A0BC94 /* Roboto-Regular.ttf in Resources */,
				CE6969562445BA4C00A0BC94 /* Roboto-Light.ttf in Resources */,
				CE9B5921244E9B03005B093D /* TitleHeaderCollectionReusableView.xib in Resources */,
				CE6EA1A02464315A00C21670 /* EmbededCollectionViewCell.xib in Resources */,
				CE9B591C244E9514005B093D /* CategoriesCollectionViewCell.xib in Resources */,
				CE5244E22455D3D5001D60AB /* Channels.Success.json in Resources */,
				CE6969592445BA4C00A0BC94 /* Apache License.txt in Resources */,
				CE9B5917244E91D8005B093D /* SeriesCollectionViewCell.xib in Resources */,
			);
			runOnlyForDeploymentPostprocessing = 0;
		};
/* End PBXResourcesBuildPhase section */

/* Begin PBXShellScriptBuildPhase section */
		A943D5F49CBE95EF6AB74A82 /* [CP] Embed Pods Frameworks */ = {
			isa = PBXShellScriptBuildPhase;
			buildActionMask = 2147483647;
			files = (
			);
			inputFileListPaths = (
				"${PODS_ROOT}/Target Support Files/Pods-Channels/Pods-Channels-frameworks-${CONFIGURATION}-input-files.xcfilelist",
			);
			name = "[CP] Embed Pods Frameworks";
			outputFileListPaths = (
				"${PODS_ROOT}/Target Support Files/Pods-Channels/Pods-Channels-frameworks-${CONFIGURATION}-output-files.xcfilelist",
			);
			runOnlyForDeploymentPostprocessing = 0;
			shellPath = /bin/sh;
			shellScript = "\"${PODS_ROOT}/Target Support Files/Pods-Channels/Pods-Channels-frameworks.sh\"\n";
			showEnvVarsInLog = 0;
		};
		CE7313D0243B5DED00A471AE /* swiftlint */ = {
			isa = PBXShellScriptBuildPhase;
			buildActionMask = 2147483647;
			files = (
			);
			inputFileListPaths = (
			);
			inputPaths = (
			);
			name = swiftlint;
			outputFileListPaths = (
			);
			outputPaths = (
			);
			runOnlyForDeploymentPostprocessing = 0;
			shellPath = /bin/sh;
			shellScript = "if which swiftlint >/dev/null; then\n  swiftlint\nelse\n  echo \"warning: SwiftLint not installed, download from https://github.com/realm/SwiftLint\"\nfi\n";
		};
		CEE73C90242A329100A7DDB3 /* SwiftGen */ = {
			isa = PBXShellScriptBuildPhase;
			buildActionMask = 2147483647;
			files = (
			);
			inputFileListPaths = (
			);
			inputPaths = (
			);
			name = SwiftGen;
			outputFileListPaths = (
			);
			outputPaths = (
			);
			runOnlyForDeploymentPostprocessing = 0;
			shellPath = /bin/sh;
			shellScript = "if which swiftgen >/dev/null; then\n    swiftgen\nelse\n    echo \"warning: SwiftGen not installed, download from https://github.com/SwiftGen/SwiftGen\"\nfi\n";
		};
		ED7879E172787E2A75DAFF51 /* [CP] Check Pods Manifest.lock */ = {
			isa = PBXShellScriptBuildPhase;
			buildActionMask = 2147483647;
			files = (
			);
			inputFileListPaths = (
			);
			inputPaths = (
				"${PODS_PODFILE_DIR_PATH}/Podfile.lock",
				"${PODS_ROOT}/Manifest.lock",
			);
			name = "[CP] Check Pods Manifest.lock";
			outputFileListPaths = (
			);
			outputPaths = (
				"$(DERIVED_FILE_DIR)/Pods-Channels-checkManifestLockResult.txt",
			);
			runOnlyForDeploymentPostprocessing = 0;
			shellPath = /bin/sh;
			shellScript = "diff \"${PODS_PODFILE_DIR_PATH}/Podfile.lock\" \"${PODS_ROOT}/Manifest.lock\" > /dev/null\nif [ $? != 0 ] ; then\n    # print error to STDERR\n    echo \"error: The sandbox is not in sync with the Podfile.lock. Run 'pod install' or update your CocoaPods installation.\" >&2\n    exit 1\nfi\n# This output is used by Xcode 'outputs' to avoid re-running this script phase.\necho \"SUCCESS\" > \"${SCRIPT_OUTPUT_FILE_0}\"\n";
			showEnvVarsInLog = 0;
		};
/* End PBXShellScriptBuildPhase section */

/* Begin PBXSourcesBuildPhase section */
		CEE73C44242A09BB00A7DDB3 /* Sources */ = {
			isa = PBXSourcesBuildPhase;
			buildActionMask = 2147483647;
			files = (
				CECBA2DD243C8FA50021C1F0 /* NetworkManager.swift in Sources */,
				CEE73C81242A2C3800A7DDB3 /* Configration.swift in Sources */,
				CEC0BFE624581C14000E03ED /* Media.swift in Sources */,
				CE5244DB2455D306001D60AB /* HomeModel.swift in Sources */,
				CE5244DE2455D306001D60AB /* HomeWireframe.swift in Sources */,
				CE5244D92455D306001D60AB /* HomeViewController.swift in Sources */,
				CE03F262245799500071FBB4 /* NsObject+ListDiffable.swift in Sources */,
				CE5244B72455D27F001D60AB /* BaseViewController.swift in Sources */,
				CE5244D72455D306001D60AB /* HomePresenter.swift in Sources */,
				CEE73C4C242A09BB00A7DDB3 /* AppDelegate.swift in Sources */,
				CE5244DA2455D306001D60AB /* HomeViewProtocol.swift in Sources */,
				CE5244EB2455D4BD001D60AB /* IconAsset.swift in Sources */,
				CE5244EC2455D4BD001D60AB /* CoverAsset.swift in Sources */,
				CEE73C7D242A279300A7DDB3 /* AppManager.swift in Sources */,
				CE2F47C42445DB23005CBD5D /* Assets.swift in Sources */,
				CE5244F02455D4BD001D60AB /* FileResponse.swift in Sources */,
				CEE73C8D242A2D2400A7DDB3 /* Cahsing.swift in Sources */,
				CE5244D82455D306001D60AB /* HomePresenterProtocol.swift in Sources */,
				CE9B5920244E9B03005B093D /* TitleHeaderCollectionReusableView.swift in Sources */,
				CEC0BFF524583571000E03ED /* CategoriesListSectionController.swift in Sources */,
				CEE73C8B242A2D0C00A7DDB3 /* Component.swift in Sources */,
				CEED09C2242CCB22002444EB /* PresistanceManager.swift in Sources */,
				CECBA2D8243C8F5F0021C1F0 /* AppDelegate+Extensions.swift in Sources */,
				CE03F2602457906A0071FBB4 /* Series.swift in Sources */,
				CE9B5927244E9CFE005B093D /* CompositeHeaderCollectionReusableView.swift in Sources */,
				CEE73C7F242A282F00A7DDB3 /* Container.swift in Sources */,
				CE6EA19F2464315A00C21670 /* EmbededCollectionViewCell.swift in Sources */,
				CE5244BA2455D27F001D60AB /* BaseModel.swift in Sources */,
				CE5244B82455D27F001D60AB /* BaseModelProtocol.swift in Sources */,
				CE6EA19B246430B000C21670 /* EmbededCategoriesSectionController.swift in Sources */,
				CE5244ED2455D4BD001D60AB /* DataClass.swift in Sources */,
				CEC0BFF024582409000E03ED /* NewEposidesSectionController.swift in Sources */,
				CE9B5911244E84D4005B093D /* ChannelCollectionViewCell.swift in Sources */,
				CE5244DC2455D306001D60AB /* HomeModelProtocol.swift in Sources */,
				CE5244BB2455D27F001D60AB /* BasePresenter.swift in Sources */,
				CEE73C4E242A09BB00A7DDB3 /* SceneDelegate.swift in Sources */,
				CEE73C8F242A2D3600A7DDB3 /* Http Request.swift in Sources */,
				CE5244E42455D3EC001D60AB /* DataSource.swift in Sources */,
				CE5244B92455D27F001D60AB /* BasePresenterProtocol.swift in Sources */,
				CE9B5916244E91D8005B093D /* SeriesCollectionViewCell.swift in Sources */,
				CE5244EF2455D4BD001D60AB /* Channel.swift in Sources */,
				CE2F47C62445DB2D005CBD5D /* Fonts.swift in Sources */,
				CE5244BC2455D27F001D60AB /* BaseViewProtocol.swift in Sources */,
				CE5244EE2455D4BD001D60AB /* LatestMedia.swift in Sources */,
				CE8DBD9E24335E38008C5DB9 /* SplashViewController.swift in Sources */,
				CE9B591B244E9514005B093D /* CategoriesCollectionViewCell.swift in Sources */,
				CEC0BFE924581C97000E03ED /* Category.swift in Sources */,
			);
			runOnlyForDeploymentPostprocessing = 0;
		};
/* End PBXSourcesBuildPhase section */

/* Begin PBXVariantGroup section */
		CEE73C56242A09BC00A7DDB3 /* LaunchScreen.storyboard */ = {
			isa = PBXVariantGroup;
			children = (
				CEE73C57242A09BC00A7DDB3 /* Base */,
			);
			name = LaunchScreen.storyboard;
			sourceTree = "<group>";
		};
/* End PBXVariantGroup section */

/* Begin XCBuildConfiguration section */
		CEE73C5A242A09BC00A7DDB3 /* Debug */ = {
			isa = XCBuildConfiguration;
			baseConfigurationReference = CEED09C6242CCCEB002444EB /* Debug.xcconfig */;
			buildSettings = {
				ALWAYS_SEARCH_USER_PATHS = NO;
				CLANG_ANALYZER_NONNULL = YES;
				CLANG_ANALYZER_NUMBER_OBJECT_CONVERSION = YES_AGGRESSIVE;
				CLANG_CXX_LANGUAGE_STANDARD = "gnu++14";
				CLANG_CXX_LIBRARY = "libc++";
				CLANG_ENABLE_MODULES = YES;
				CLANG_ENABLE_OBJC_ARC = YES;
				CLANG_ENABLE_OBJC_WEAK = YES;
				CLANG_WARN_BLOCK_CAPTURE_AUTORELEASING = YES;
				CLANG_WARN_BOOL_CONVERSION = YES;
				CLANG_WARN_COMMA = YES;
				CLANG_WARN_CONSTANT_CONVERSION = YES;
				CLANG_WARN_DEPRECATED_OBJC_IMPLEMENTATIONS = YES;
				CLANG_WARN_DIRECT_OBJC_ISA_USAGE = YES_ERROR;
				CLANG_WARN_DOCUMENTATION_COMMENTS = YES;
				CLANG_WARN_EMPTY_BODY = YES;
				CLANG_WARN_ENUM_CONVERSION = YES;
				CLANG_WARN_INFINITE_RECURSION = YES;
				CLANG_WARN_INT_CONVERSION = YES;
				CLANG_WARN_NON_LITERAL_NULL_CONVERSION = YES;
				CLANG_WARN_OBJC_IMPLICIT_RETAIN_SELF = YES;
				CLANG_WARN_OBJC_LITERAL_CONVERSION = YES;
				CLANG_WARN_OBJC_ROOT_CLASS = YES_ERROR;
				CLANG_WARN_RANGE_LOOP_ANALYSIS = YES;
				CLANG_WARN_STRICT_PROTOTYPES = YES;
				CLANG_WARN_SUSPICIOUS_MOVE = YES;
				CLANG_WARN_UNGUARDED_AVAILABILITY = YES_AGGRESSIVE;
				CLANG_WARN_UNREACHABLE_CODE = YES;
				CLANG_WARN__DUPLICATE_METHOD_MATCH = YES;
				COPY_PHASE_STRIP = NO;
				DEBUG_INFORMATION_FORMAT = dwarf;
				ENABLE_STRICT_OBJC_MSGSEND = YES;
				ENABLE_TESTABILITY = YES;
				GCC_C_LANGUAGE_STANDARD = gnu11;
				GCC_DYNAMIC_NO_PIC = NO;
				GCC_NO_COMMON_BLOCKS = YES;
				GCC_OPTIMIZATION_LEVEL = 0;
				GCC_PREPROCESSOR_DEFINITIONS = (
					"DEBUG=1",
					"$(inherited)",
				);
				GCC_WARN_64_TO_32_BIT_CONVERSION = YES;
				GCC_WARN_ABOUT_RETURN_TYPE = YES_ERROR;
				GCC_WARN_UNDECLARED_SELECTOR = YES;
				GCC_WARN_UNINITIALIZED_AUTOS = YES_AGGRESSIVE;
				GCC_WARN_UNUSED_FUNCTION = YES;
				GCC_WARN_UNUSED_VARIABLE = YES;
				IPHONEOS_DEPLOYMENT_TARGET = 13.2;
				MTL_ENABLE_DEBUG_INFO = INCLUDE_SOURCE;
				MTL_FAST_MATH = YES;
				ONLY_ACTIVE_ARCH = YES;
				SDKROOT = iphoneos;
				SWIFT_ACTIVE_COMPILATION_CONDITIONS = DEBUG;
				SWIFT_OPTIMIZATION_LEVEL = "-Onone";
			};
			name = Debug;
		};
		CEE73C5B242A09BC00A7DDB3 /* Release */ = {
			isa = XCBuildConfiguration;
			baseConfigurationReference = CEED09C7242CCCF9002444EB /* Release.xcconfig */;
			buildSettings = {
				ALWAYS_SEARCH_USER_PATHS = NO;
				CLANG_ANALYZER_NONNULL = YES;
				CLANG_ANALYZER_NUMBER_OBJECT_CONVERSION = YES_AGGRESSIVE;
				CLANG_CXX_LANGUAGE_STANDARD = "gnu++14";
				CLANG_CXX_LIBRARY = "libc++";
				CLANG_ENABLE_MODULES = YES;
				CLANG_ENABLE_OBJC_ARC = YES;
				CLANG_ENABLE_OBJC_WEAK = YES;
				CLANG_WARN_BLOCK_CAPTURE_AUTORELEASING = YES;
				CLANG_WARN_BOOL_CONVERSION = YES;
				CLANG_WARN_COMMA = YES;
				CLANG_WARN_CONSTANT_CONVERSION = YES;
				CLANG_WARN_DEPRECATED_OBJC_IMPLEMENTATIONS = YES;
				CLANG_WARN_DIRECT_OBJC_ISA_USAGE = YES_ERROR;
				CLANG_WARN_DOCUMENTATION_COMMENTS = YES;
				CLANG_WARN_EMPTY_BODY = YES;
				CLANG_WARN_ENUM_CONVERSION = YES;
				CLANG_WARN_INFINITE_RECURSION = YES;
				CLANG_WARN_INT_CONVERSION = YES;
				CLANG_WARN_NON_LITERAL_NULL_CONVERSION = YES;
				CLANG_WARN_OBJC_IMPLICIT_RETAIN_SELF = YES;
				CLANG_WARN_OBJC_LITERAL_CONVERSION = YES;
				CLANG_WARN_OBJC_ROOT_CLASS = YES_ERROR;
				CLANG_WARN_RANGE_LOOP_ANALYSIS = YES;
				CLANG_WARN_STRICT_PROTOTYPES = YES;
				CLANG_WARN_SUSPICIOUS_MOVE = YES;
				CLANG_WARN_UNGUARDED_AVAILABILITY = YES_AGGRESSIVE;
				CLANG_WARN_UNREACHABLE_CODE = YES;
				CLANG_WARN__DUPLICATE_METHOD_MATCH = YES;
				COPY_PHASE_STRIP = NO;
				DEBUG_INFORMATION_FORMAT = "dwarf-with-dsym";
				ENABLE_NS_ASSERTIONS = NO;
				ENABLE_STRICT_OBJC_MSGSEND = YES;
				GCC_C_LANGUAGE_STANDARD = gnu11;
				GCC_NO_COMMON_BLOCKS = YES;
				GCC_WARN_64_TO_32_BIT_CONVERSION = YES;
				GCC_WARN_ABOUT_RETURN_TYPE = YES_ERROR;
				GCC_WARN_UNDECLARED_SELECTOR = YES;
				GCC_WARN_UNINITIALIZED_AUTOS = YES_AGGRESSIVE;
				GCC_WARN_UNUSED_FUNCTION = YES;
				GCC_WARN_UNUSED_VARIABLE = YES;
				IPHONEOS_DEPLOYMENT_TARGET = 13.2;
				MTL_ENABLE_DEBUG_INFO = NO;
				MTL_FAST_MATH = YES;
				SDKROOT = iphoneos;
				SWIFT_COMPILATION_MODE = wholemodule;
				SWIFT_OPTIMIZATION_LEVEL = "-O";
				VALIDATE_PRODUCT = YES;
			};
			name = Release;
		};
		CEE73C5D242A09BC00A7DDB3 /* Debug */ = {
			isa = XCBuildConfiguration;
			baseConfigurationReference = 43387C85AA31E62636BB2A66 /* Pods-Channels.debug.xcconfig */;
			buildSettings = {
				ASSETCATALOG_COMPILER_APPICON_NAME = AppIcon;
				CODE_SIGN_STYLE = Automatic;
				DEVELOPMENT_TEAM = 2C86JD592M;
				INFOPLIST_FILE = "/Users/user/Developer/Channels/Channels/Supporting Files/Info.plist";
				LD_RUNPATH_SEARCH_PATHS = (
					"$(inherited)",
					"@executable_path/Frameworks",
				);
				PRODUCT_BUNDLE_IDENTIFIER = ibtikar.Channels.esraa.hamada;
				PRODUCT_NAME = "$(TARGET_NAME)";
				SWIFT_VERSION = 5.0;
				TARGETED_DEVICE_FAMILY = "1,2";
			};
			name = Debug;
		};
		CEE73C5E242A09BC00A7DDB3 /* Release */ = {
			isa = XCBuildConfiguration;
			baseConfigurationReference = 1238499D117C25C52FA07737 /* Pods-Channels.release.xcconfig */;
			buildSettings = {
				ASSETCATALOG_COMPILER_APPICON_NAME = AppIcon;
				CODE_SIGN_STYLE = Automatic;
				DEVELOPMENT_TEAM = 2C86JD592M;
				INFOPLIST_FILE = "/Users/user/Developer/Channels/Channels/Supporting Files/Info.plist";
				LD_RUNPATH_SEARCH_PATHS = (
					"$(inherited)",
					"@executable_path/Frameworks",
				);
				PRODUCT_BUNDLE_IDENTIFIER = ibtikar.Channels.esraa.hamada;
				PRODUCT_NAME = "$(TARGET_NAME)";
				SWIFT_VERSION = 5.0;
				TARGETED_DEVICE_FAMILY = "1,2";
			};
			name = Release;
		};
		CEED09C3242CCC1C002444EB /* Staging */ = {
			isa = XCBuildConfiguration;
			baseConfigurationReference = CEED09C5242CCC97002444EB /* Staging.xcconfig */;
			buildSettings = {
				ALWAYS_SEARCH_USER_PATHS = NO;
				CLANG_ANALYZER_NONNULL = YES;
				CLANG_ANALYZER_NUMBER_OBJECT_CONVERSION = YES_AGGRESSIVE;
				CLANG_CXX_LANGUAGE_STANDARD = "gnu++14";
				CLANG_CXX_LIBRARY = "libc++";
				CLANG_ENABLE_MODULES = YES;
				CLANG_ENABLE_OBJC_ARC = YES;
				CLANG_ENABLE_OBJC_WEAK = YES;
				CLANG_WARN_BLOCK_CAPTURE_AUTORELEASING = YES;
				CLANG_WARN_BOOL_CONVERSION = YES;
				CLANG_WARN_COMMA = YES;
				CLANG_WARN_CONSTANT_CONVERSION = YES;
				CLANG_WARN_DEPRECATED_OBJC_IMPLEMENTATIONS = YES;
				CLANG_WARN_DIRECT_OBJC_ISA_USAGE = YES_ERROR;
				CLANG_WARN_DOCUMENTATION_COMMENTS = YES;
				CLANG_WARN_EMPTY_BODY = YES;
				CLANG_WARN_ENUM_CONVERSION = YES;
				CLANG_WARN_INFINITE_RECURSION = YES;
				CLANG_WARN_INT_CONVERSION = YES;
				CLANG_WARN_NON_LITERAL_NULL_CONVERSION = YES;
				CLANG_WARN_OBJC_IMPLICIT_RETAIN_SELF = YES;
				CLANG_WARN_OBJC_LITERAL_CONVERSION = YES;
				CLANG_WARN_OBJC_ROOT_CLASS = YES_ERROR;
				CLANG_WARN_RANGE_LOOP_ANALYSIS = YES;
				CLANG_WARN_STRICT_PROTOTYPES = YES;
				CLANG_WARN_SUSPICIOUS_MOVE = YES;
				CLANG_WARN_UNGUARDED_AVAILABILITY = YES_AGGRESSIVE;
				CLANG_WARN_UNREACHABLE_CODE = YES;
				CLANG_WARN__DUPLICATE_METHOD_MATCH = YES;
				COPY_PHASE_STRIP = NO;
				DEBUG_INFORMATION_FORMAT = dwarf;
				ENABLE_STRICT_OBJC_MSGSEND = YES;
				ENABLE_TESTABILITY = YES;
				GCC_C_LANGUAGE_STANDARD = gnu11;
				GCC_DYNAMIC_NO_PIC = NO;
				GCC_NO_COMMON_BLOCKS = YES;
				GCC_OPTIMIZATION_LEVEL = 0;
				GCC_PREPROCESSOR_DEFINITIONS = (
					"DEBUG=1",
					"$(inherited)",
				);
				GCC_WARN_64_TO_32_BIT_CONVERSION = YES;
				GCC_WARN_ABOUT_RETURN_TYPE = YES_ERROR;
				GCC_WARN_UNDECLARED_SELECTOR = YES;
				GCC_WARN_UNINITIALIZED_AUTOS = YES_AGGRESSIVE;
				GCC_WARN_UNUSED_FUNCTION = YES;
				GCC_WARN_UNUSED_VARIABLE = YES;
				IPHONEOS_DEPLOYMENT_TARGET = 13.2;
				MTL_ENABLE_DEBUG_INFO = INCLUDE_SOURCE;
				MTL_FAST_MATH = YES;
				ONLY_ACTIVE_ARCH = YES;
				SDKROOT = iphoneos;
				SWIFT_ACTIVE_COMPILATION_CONDITIONS = DEBUG;
				SWIFT_OPTIMIZATION_LEVEL = "-Onone";
			};
			name = Staging;
		};
		CEED09C4242CCC1C002444EB /* Staging */ = {
			isa = XCBuildConfiguration;
			baseConfigurationReference = 5826266F33485D8232F76BB8 /* Pods-Channels.staging.xcconfig */;
			buildSettings = {
				ASSETCATALOG_COMPILER_APPICON_NAME = AppIcon;
				CODE_SIGN_STYLE = Automatic;
				DEVELOPMENT_TEAM = 2C86JD592M;
				INFOPLIST_FILE = "/Users/user/Developer/Channels/Channels/Supporting Files/Info.plist";
				LD_RUNPATH_SEARCH_PATHS = (
					"$(inherited)",
					"@executable_path/Frameworks",
				);
				PRODUCT_BUNDLE_IDENTIFIER = ibtikar.Channels.esraa.hamada;
				PRODUCT_NAME = "$(TARGET_NAME)";
				SWIFT_VERSION = 5.0;
				TARGETED_DEVICE_FAMILY = "1,2";
			};
			name = Staging;
		};
/* End XCBuildConfiguration section */

/* Begin XCConfigurationList section */
		CEE73C43242A09BB00A7DDB3 /* Build configuration list for PBXProject "Channels" */ = {
			isa = XCConfigurationList;
			buildConfigurations = (
				CEE73C5A242A09BC00A7DDB3 /* Debug */,
				CEED09C3242CCC1C002444EB /* Staging */,
				CEE73C5B242A09BC00A7DDB3 /* Release */,
			);
			defaultConfigurationIsVisible = 0;
			defaultConfigurationName = Release;
		};
		CEE73C5C242A09BC00A7DDB3 /* Build configuration list for PBXNativeTarget "Channels" */ = {
			isa = XCConfigurationList;
			buildConfigurations = (
				CEE73C5D242A09BC00A7DDB3 /* Debug */,
				CEED09C4242CCC1C002444EB /* Staging */,
				CEE73C5E242A09BC00A7DDB3 /* Release */,
			);
			defaultConfigurationIsVisible = 0;
			defaultConfigurationName = Release;
		};
/* End XCConfigurationList section */
	};
	rootObject = CEE73C40242A09BB00A7DDB3 /* Project object */;
}
